
Microsoft Visual Studio Solution File, Format Version 12.00
# Visual Studio Version 17
VisualStudioVersion = 17.10.35027.167
MinimumVisualStudioVersion = 10.0.40219.1
Project("{FAE04EC0-301F-11D3-BF4B-00C04F79EFBC}") = "AspNetCoreIdentityApi", "AspNetCoreIdentityApi\AspNetCoreIdentityApi.csproj", "{C51EB7D8-FEA5-4B50-BEC6-5D37429D3CE3}"
EndProject
Global
	GlobalSection(SolutionConfigurationPlatforms) = preSolution
		Debug|Any CPU = Debug|Any CPU
		Release|Any CPU = Release|Any CPU
	EndGlobalSection
	GlobalSection(ProjectConfigurationPlatforms) = postSolution
		{C51EB7D8-FEA5-4B50-BEC6-5D37429D3CE3}.Debug|Any CPU.ActiveCfg = Debug|Any CPU
		{C51EB7D8-FEA5-4B50-BEC6-5D37429D3CE3}.Debug|Any CPU.Build.0 = Debug|Any CPU
		{C51EB7D8-FEA5-4B50-BEC6-5D37429D3CE3}.Release|Any CPU.ActiveCfg = Release|Any CPU
		{C51EB7D8-FEA5-4B50-BEC6-5D37429D3CE3}.Release|Any CPU.Build.0 = Release|Any CPU
	EndGlobalSection
	GlobalSection(SolutionProperties) = preSolution
		HideSolutionNode = FALSE
	EndGlobalSection
	GlobalSection(ExtensibilityGlobals) = postSolution
		SolutionGuid = {E672A257-BA54-4F53-A253-AC739CB0FCA5}
	EndGlobalSection
EndGlobal
